
Microsoft Visual Studio Solution File, Format Version 12.00
# Visual Studio 15
VisualStudioVersion = 15.0.28307.1231
MinimumVisualStudioVersion = 10.0.40219.1
Project("{8BC9CEB8-8B4A-11D0-8D11-00A0C91BC942}") = "P10", "P10\P10.vcxproj", "{6523AE06-F3DF-455F-809A-40918E2BEF44}"
EndProject
Project("{8BC9CEB8-8B4A-11D0-8D11-00A0C91BC942}") = "P13", "P13\P13.vcxproj", "{2E009B0F-3757-4D03-8213-3512E4CCA771}"
EndProject
Project("{8BC9CEB8-8B4A-11D0-8D11-00A0C91BC942}") = "P15", "P15\P15.vcxproj", "{18226344-21FC-416F-8C0A-0513160C882F}"
EndProject
Project("{8BC9CEB8-8B4A-11D0-8D11-00A0C91BC942}") = "P16", "P16\P16.vcxproj", "{A6D4CB41-49D9-4FBA-8679-E646513DBFCF}"
EndProject
Project("{8BC9CEB8-8B4A-11D0-8D11-00A0C91BC942}") = "P17", "P17\P17.vcxproj", "{C0960C17-2D0B-4525-ABD4-91A48644F734}"
EndProject
Project("{8BC9CEB8-8B4A-11D0-8D11-00A0C91BC942}") = "P18", "P18\P18.vcxproj", "{0727234F-DD74-476C-8403-E21E8C8BF9FB}"
EndProject
Project("{8BC9CEB8-8B4A-11D0-8D11-00A0C91BC942}") = "P19", "P19\P19.vcxproj", "{BD536A0C-6870-4FEC-9F28-4B7583C374D9}"
EndProject
Project("{8BC9CEB8-8B4A-11D0-8D11-00A0C91BC942}") = "P23", "P23\P23.vcxproj", "{A2849A11-5BC2-4951-AA77-060BF8C12E0A}"
EndProject
Project("{8BC9CEB8-8B4A-11D0-8D11-00A0C91BC942}") = "P24", "P24\P24.vcxproj", "{22F77327-2A85-4C2B-98B8-CF4565F45E88}"
EndProject
Project("{8BC9CEB8-8B4A-11D0-8D11-00A0C91BC942}") = "P25", "P25\P25.vcxproj", "{ECAB9E74-3DE8-4E4D-BFB1-B7795B1CB875}"
EndProject
Global
	GlobalSection(SolutionConfigurationPlatforms) = preSolution
		Debug|x64 = Debug|x64
		Debug|x86 = Debug|x86
		Release|x64 = Release|x64
		Release|x86 = Release|x86
	EndGlobalSection
	GlobalSection(ProjectConfigurationPlatforms) = postSolution
		{6523AE06-F3DF-455F-809A-40918E2BEF44}.Debug|x64.ActiveCfg = Debug|x64
		{6523AE06-F3DF-455F-809A-40918E2BEF44}.Debug|x64.Build.0 = Debug|x64
		{6523AE06-F3DF-455F-809A-40918E2BEF44}.Debug|x86.ActiveCfg = Debug|Win32
		{6523AE06-F3DF-455F-809A-40918E2BEF44}.Debug|x86.Build.0 = Debug|Win32
		{6523AE06-F3DF-455F-809A-40918E2BEF44}.Release|x64.ActiveCfg = Release|x64
		{6523AE06-F3DF-455F-809A-40918E2BEF44}.Release|x64.Build.0 = Release|x64
		{6523AE06-F3DF-455F-809A-40918E2BEF44}.Release|x86.ActiveCfg = Release|Win32
		{6523AE06-F3DF-455F-809A-40918E2BEF44}.Release|x86.Build.0 = Release|Win32
		{2E009B0F-3757-4D03-8213-3512E4CCA771}.Debug|x64.ActiveCfg = Debug|x64
		{2E009B0F-3757-4D03-8213-3512E4CCA771}.Debug|x64.Build.0 = Debug|x64
		{2E009B0F-3757-4D03-8213-3512E4CCA771}.Debug|x86.ActiveCfg = Debug|Win32
		{2E009B0F-3757-4D03-8213-3512E4CCA771}.Debug|x86.Build.0 = Debug|Win32
		{2E009B0F-3757-4D03-8213-3512E4CCA771}.Release|x64.ActiveCfg = Release|x64
		{2E009B0F-3757-4D03-8213-3512E4CCA771}.Release|x64.Build.0 = Release|x64
		{2E009B0F-3757-4D03-8213-3512E4CCA771}.Release|x86.ActiveCfg = Release|Win32
		{2E009B0F-3757-4D03-8213-3512E4CCA771}.Release|x86.Build.0 = Release|Win32
		{18226344-21FC-416F-8C0A-0513160C882F}.Debug|x64.ActiveCfg = Debug|x64
		{18226344-21FC-416F-8C0A-0513160C882F}.Debug|x64.Build.0 = Debug|x64
		{18226344-21FC-416F-8C0A-0513160C882F}.Debug|x86.ActiveCfg = Debug|Win32
		{18226344-21FC-416F-8C0A-0513160C882F}.Debug|x86.Build.0 = Debug|Win32
		{18226344-21FC-416F-8C0A-0513160C882F}.Release|x64.ActiveCfg = Release|x64
		{18226344-21FC-416F-8C0A-0513160C882F}.Release|x64.Build.0 = Release|x64
		{18226344-21FC-416F-8C0A-0513160C882F}.Release|x86.ActiveCfg = Release|Win32
		{18226344-21FC-416F-8C0A-0513160C882F}.Release|x86.Build.0 = Release|Win32
		{A6D4CB41-49D9-4FBA-8679-E646513DBFCF}.Debug|x64.ActiveCfg = Debug|x64
		{A6D4CB41-49D9-4FBA-8679-E646513DBFCF}.Debug|x64.Build.0 = Debug|x64
		{A6D4CB41-49D9-4FBA-8679-E646513DBFCF}.Debug|x86.ActiveCfg = Debug|Win32
		{A6D4CB41-49D9-4FBA-8679-E646513DBFCF}.Debug|x86.Build.0 = Debug|Win32
		{A6D4CB41-49D9-4FBA-8679-E646513DBFCF}.Release|x64.ActiveCfg = Release|x64
		{A6D4CB41-49D9-4FBA-8679-E646513DBFCF}.Release|x64.Build.0 = Release|x64
		{A6D4CB41-49D9-4FBA-8679-E646513DBFCF}.Release|x86.ActiveCfg = Release|Win32
		{A6D4CB41-49D9-4FBA-8679-E646513DBFCF}.Release|x86.Build.0 = Release|Win32
		{C0960C17-2D0B-4525-ABD4-91A48644F734}.Debug|x64.ActiveCfg = Debug|x64
		{C0960C17-2D0B-4525-ABD4-91A48644F734}.Debug|x64.Build.0 = Debug|x64
		{C0960C17-2D0B-4525-ABD4-91A48644F734}.Debug|x86.ActiveCfg = Debug|Win32
		{C0960C17-2D0B-4525-ABD4-91A48644F734}.Debug|x86.Build.0 = Debug|Win32
		{C0960C17-2D0B-4525-ABD4-91A48644F734}.Release|x64.ActiveCfg = Release|x64
		{C0960C17-2D0B-4525-ABD4-91A48644F734}.Release|x64.Build.0 = Release|x64
		{C0960C17-2D0B-4525-ABD4-91A48644F734}.Release|x86.ActiveCfg = Release|Win32
		{C0960C17-2D0B-4525-ABD4-91A48644F734}.Release|x86.Build.0 = Release|Win32
		{0727234F-DD74-476C-8403-E21E8C8BF9FB}.Debug|x64.ActiveCfg = Debug|x64
		{0727234F-DD74-476C-8403-E21E8C8BF9FB}.Debug|x64.Build.0 = Debug|x64
		{0727234F-DD74-476C-8403-E21E8C8BF9FB}.Debug|x86.ActiveCfg = Debug|Win32
		{0727234F-DD74-476C-8403-E21E8C8BF9FB}.Debug|x86.Build.0 = Debug|Win32
		{0727234F-DD74-476C-8403-E21E8C8BF9FB}.Release|x64.ActiveCfg = Release|x64
		{0727234F-DD74-476C-8403-E21E8C8BF9FB}.Release|x64.Build.0 = Release|x64
		{0727234F-DD74-476C-8403-E21E8C8BF9FB}.Release|x86.ActiveCfg = Release|Win32
		{0727234F-DD74-476C-8403-E21E8C8BF9FB}.Release|x86.Build.0 = Release|Win32
		{BD536A0C-6870-4FEC-9F28-4B7583C374D9}.Debug|x64.ActiveCfg = Debug|x64
		{BD536A0C-6870-4FEC-9F28-4B7583C374D9}.Debug|x64.Build.0 = Debug|x64
		{BD536A0C-6870-4FEC-9F28-4B7583C374D9}.Debug|x86.ActiveCfg = Debug|Win32
		{BD536A0C-6870-4FEC-9F28-4B7583C374D9}.Debug|x86.Build.0 = Debug|Win32
		{BD536A0C-6870-4FEC-9F28-4B7583C374D9}.Release|x64.ActiveCfg = Release|x64
		{BD536A0C-6870-4FEC-9F28-4B7583C374D9}.Release|x64.Build.0 = Release|x64
		{BD536A0C-6870-4FEC-9F28-4B7583C374D9}.Release|x86.ActiveCfg = Release|Win32
		{BD536A0C-6870-4FEC-9F28-4B7583C374D9}.Release|x86.Build.0 = Release|Win32
		{A2849A11-5BC2-4951-AA77-060BF8C12E0A}.Debug|x64.ActiveCfg = Debug|x64
		{A2849A11-5BC2-4951-AA77-060BF8C12E0A}.Debug|x64.Build.0 = Debug|x64
		{A2849A11-5BC2-4951-AA77-060BF8C12E0A}.Debug|x86.ActiveCfg = Debug|Win32
		{A2849A11-5BC2-4951-AA77-060BF8C12E0A}.Debug|x86.Build.0 = Debug|Win32
		{A2849A11-5BC2-4951-AA77-060BF8C12E0A}.Release|x64.ActiveCfg = Release|x64
		{A2849A11-5BC2-4951-AA77-060BF8C12E0A}.Release|x64.Build.0 = Release|x64
		{A2849A11-5BC2-4951-AA77-060BF8C12E0A}.Release|x86.ActiveCfg = Release|Win32
		{A2849A11-5BC2-4951-AA77-060BF8C12E0A}.Release|x86.Build.0 = Release|Win32
		{22F77327-2A85-4C2B-98B8-CF4565F45E88}.Debug|x64.ActiveCfg = Debug|x64
		{22F77327-2A85-4C2B-98B8-CF4565F45E88}.Debug|x64.Build.0 = Debug|x64
		{22F77327-2A85-4C2B-98B8-CF4565F45E88}.Debug|x86.ActiveCfg = Debug|Win32
		{22F77327-2A85-4C2B-98B8-CF4565F45E88}.Debug|x86.Build.0 = Debug|Win32
		{22F77327-2A85-4C2B-98B8-CF4565F45E88}.Release|x64.ActiveCfg = Release|x64
		{22F77327-2A85-4C2B-98B8-CF4565F45E88}.Release|x64.Build.0 = Release|x64
		{22F77327-2A85-4C2B-98B8-CF4565F45E88}.Release|x86.ActiveCfg = Release|Win32
		{22F77327-2A85-4C2B-98B8-CF4565F45E88}.Release|x86.Build.0 = Release|Win32
		{ECAB9E74-3DE8-4E4D-BFB1-B7795B1CB875}.Debug|x64.ActiveCfg = Debug|x64
		{ECAB9E74-3DE8-4E4D-BFB1-B7795B1CB875}.Debug|x64.Build.0 = Debug|x64
		{ECAB9E74-3DE8-4E4D-BFB1-B7795B1CB875}.Debug|x86.ActiveCfg = Debug|Win32
		{ECAB9E74-3DE8-4E4D-BFB1-B7795B1CB875}.Debug|x86.Build.0 = Debug|Win32
		{ECAB9E74-3DE8-4E4D-BFB1-B7795B1CB875}.Release|x64.ActiveCfg = Release|x64
		{ECAB9E74-3DE8-4E4D-BFB1-B7795B1CB875}.Release|x64.Build.0 = Release|x64
		{ECAB9E74-3DE8-4E4D-BFB1-B7795B1CB875}.Release|x86.ActiveCfg = Release|Win32
		{ECAB9E74-3DE8-4E4D-BFB1-B7795B1CB875}.Release|x86.Build.0 = Release|Win32
	EndGlobalSection
	GlobalSection(SolutionProperties) = preSolution
		HideSolutionNode = FALSE
	EndGlobalSection
	GlobalSection(ExtensibilityGlobals) = postSolution
		SolutionGuid = {1D81A056-E210-4E54-AFA2-B604A8589C49}
	EndGlobalSection
EndGlobal
