
Microsoft Visual Studio Solution File, Format Version 12.00
# Visual Studio 15
VisualStudioVersion = 15.0.28307.1231
MinimumVisualStudioVersion = 10.0.40219.1
Project("{8BC9CEB8-8B4A-11D0-8D11-00A0C91BC942}") = "P10", "P10\P10.vcxproj", "{7263ED72-A935-4BAB-B47D-E54BD0D4694F}"
EndProject
Project("{8BC9CEB8-8B4A-11D0-8D11-00A0C91BC942}") = "P03", "P03\P03.vcxproj", "{636269EF-E671-4C73-89A0-FB5E0A9CC7F9}"
EndProject
Project("{8BC9CEB8-8B4A-11D0-8D11-00A0C91BC942}") = "P08", "P08\P08.vcxproj", "{3BEE07A4-663A-4C10-B18B-2FB06BC09610}"
EndProject
Project("{8BC9CEB8-8B4A-11D0-8D11-00A0C91BC942}") = "P09", "P09\P09.vcxproj", "{85541DD3-DECF-412D-ADC8-D8C168632AE3}"
EndProject
Project("{8BC9CEB8-8B4A-11D0-8D11-00A0C91BC942}") = "P12", "P12\P12.vcxproj", "{609F10E6-5F89-427B-90E5-DB8CF5D787DE}"
EndProject
Project("{8BC9CEB8-8B4A-11D0-8D11-00A0C91BC942}") = "P13", "P13\P13.vcxproj", "{21286123-4A62-4C49-955C-943786758416}"
EndProject
Project("{8BC9CEB8-8B4A-11D0-8D11-00A0C91BC942}") = "P14", "P14\P14.vcxproj", "{250A85DC-AAB1-4EB8-8275-8AE577FA1030}"
EndProject
Project("{8BC9CEB8-8B4A-11D0-8D11-00A0C91BC942}") = "P15", "P15\P15.vcxproj", "{EDCC8255-94D9-40AF-B735-ECCC86D67067}"
EndProject
Project("{8BC9CEB8-8B4A-11D0-8D11-00A0C91BC942}") = "P21", "P21\P21.vcxproj", "{020D4C1A-CDED-4F5B-9CC7-CCBDB935F266}"
EndProject
Project("{8BC9CEB8-8B4A-11D0-8D11-00A0C91BC942}") = "P27", "P27\P27.vcxproj", "{70FE6522-CCC2-4A47-BAB1-F74B7E33DB61}"
EndProject
Global
	GlobalSection(SolutionConfigurationPlatforms) = preSolution
		Debug|x64 = Debug|x64
		Debug|x86 = Debug|x86
		Release|x64 = Release|x64
		Release|x86 = Release|x86
	EndGlobalSection
	GlobalSection(ProjectConfigurationPlatforms) = postSolution
		{7263ED72-A935-4BAB-B47D-E54BD0D4694F}.Debug|x64.ActiveCfg = Debug|x64
		{7263ED72-A935-4BAB-B47D-E54BD0D4694F}.Debug|x64.Build.0 = Debug|x64
		{7263ED72-A935-4BAB-B47D-E54BD0D4694F}.Debug|x86.ActiveCfg = Debug|Win32
		{7263ED72-A935-4BAB-B47D-E54BD0D4694F}.Debug|x86.Build.0 = Debug|Win32
		{7263ED72-A935-4BAB-B47D-E54BD0D4694F}.Release|x64.ActiveCfg = Release|x64
		{7263ED72-A935-4BAB-B47D-E54BD0D4694F}.Release|x64.Build.0 = Release|x64
		{7263ED72-A935-4BAB-B47D-E54BD0D4694F}.Release|x86.ActiveCfg = Release|Win32
		{7263ED72-A935-4BAB-B47D-E54BD0D4694F}.Release|x86.Build.0 = Release|Win32
		{636269EF-E671-4C73-89A0-FB5E0A9CC7F9}.Debug|x64.ActiveCfg = Debug|x64
		{636269EF-E671-4C73-89A0-FB5E0A9CC7F9}.Debug|x64.Build.0 = Debug|x64
		{636269EF-E671-4C73-89A0-FB5E0A9CC7F9}.Debug|x86.ActiveCfg = Debug|Win32
		{636269EF-E671-4C73-89A0-FB5E0A9CC7F9}.Debug|x86.Build.0 = Debug|Win32
		{636269EF-E671-4C73-89A0-FB5E0A9CC7F9}.Release|x64.ActiveCfg = Release|x64
		{636269EF-E671-4C73-89A0-FB5E0A9CC7F9}.Release|x64.Build.0 = Release|x64
		{636269EF-E671-4C73-89A0-FB5E0A9CC7F9}.Release|x86.ActiveCfg = Release|Win32
		{636269EF-E671-4C73-89A0-FB5E0A9CC7F9}.Release|x86.Build.0 = Release|Win32
		{3BEE07A4-663A-4C10-B18B-2FB06BC09610}.Debug|x64.ActiveCfg = Debug|x64
		{3BEE07A4-663A-4C10-B18B-2FB06BC09610}.Debug|x64.Build.0 = Debug|x64
		{3BEE07A4-663A-4C10-B18B-2FB06BC09610}.Debug|x86.ActiveCfg = Debug|Win32
		{3BEE07A4-663A-4C10-B18B-2FB06BC09610}.Debug|x86.Build.0 = Debug|Win32
		{3BEE07A4-663A-4C10-B18B-2FB06BC09610}.Release|x64.ActiveCfg = Release|x64
		{3BEE07A4-663A-4C10-B18B-2FB06BC09610}.Release|x64.Build.0 = Release|x64
		{3BEE07A4-663A-4C10-B18B-2FB06BC09610}.Release|x86.ActiveCfg = Release|Win32
		{3BEE07A4-663A-4C10-B18B-2FB06BC09610}.Release|x86.Build.0 = Release|Win32
		{85541DD3-DECF-412D-ADC8-D8C168632AE3}.Debug|x64.ActiveCfg = Debug|x64
		{85541DD3-DECF-412D-ADC8-D8C168632AE3}.Debug|x64.Build.0 = Debug|x64
		{85541DD3-DECF-412D-ADC8-D8C168632AE3}.Debug|x86.ActiveCfg = Debug|Win32
		{85541DD3-DECF-412D-ADC8-D8C168632AE3}.Debug|x86.Build.0 = Debug|Win32
		{85541DD3-DECF-412D-ADC8-D8C168632AE3}.Release|x64.ActiveCfg = Release|x64
		{85541DD3-DECF-412D-ADC8-D8C168632AE3}.Release|x64.Build.0 = Release|x64
		{85541DD3-DECF-412D-ADC8-D8C168632AE3}.Release|x86.ActiveCfg = Release|Win32
		{85541DD3-DECF-412D-ADC8-D8C168632AE3}.Release|x86.Build.0 = Release|Win32
		{609F10E6-5F89-427B-90E5-DB8CF5D787DE}.Debug|x64.ActiveCfg = Debug|x64
		{609F10E6-5F89-427B-90E5-DB8CF5D787DE}.Debug|x64.Build.0 = Debug|x64
		{609F10E6-5F89-427B-90E5-DB8CF5D787DE}.Debug|x86.ActiveCfg = Debug|Win32
		{609F10E6-5F89-427B-90E5-DB8CF5D787DE}.Debug|x86.Build.0 = Debug|Win32
		{609F10E6-5F89-427B-90E5-DB8CF5D787DE}.Release|x64.ActiveCfg = Release|x64
		{609F10E6-5F89-427B-90E5-DB8CF5D787DE}.Release|x64.Build.0 = Release|x64
		{609F10E6-5F89-427B-90E5-DB8CF5D787DE}.Release|x86.ActiveCfg = Release|Win32
		{609F10E6-5F89-427B-90E5-DB8CF5D787DE}.Release|x86.Build.0 = Release|Win32
		{21286123-4A62-4C49-955C-943786758416}.Debug|x64.ActiveCfg = Debug|x64
		{21286123-4A62-4C49-955C-943786758416}.Debug|x64.Build.0 = Debug|x64
		{21286123-4A62-4C49-955C-943786758416}.Debug|x86.ActiveCfg = Debug|Win32
		{21286123-4A62-4C49-955C-943786758416}.Debug|x86.Build.0 = Debug|Win32
		{21286123-4A62-4C49-955C-943786758416}.Release|x64.ActiveCfg = Release|x64
		{21286123-4A62-4C49-955C-943786758416}.Release|x64.Build.0 = Release|x64
		{21286123-4A62-4C49-955C-943786758416}.Release|x86.ActiveCfg = Release|Win32
		{21286123-4A62-4C49-955C-943786758416}.Release|x86.Build.0 = Release|Win32
		{250A85DC-AAB1-4EB8-8275-8AE577FA1030}.Debug|x64.ActiveCfg = Debug|x64
		{250A85DC-AAB1-4EB8-8275-8AE577FA1030}.Debug|x64.Build.0 = Debug|x64
		{250A85DC-AAB1-4EB8-8275-8AE577FA1030}.Debug|x86.ActiveCfg = Debug|Win32
		{250A85DC-AAB1-4EB8-8275-8AE577FA1030}.Debug|x86.Build.0 = Debug|Win32
		{250A85DC-AAB1-4EB8-8275-8AE577FA1030}.Release|x64.ActiveCfg = Release|x64
		{250A85DC-AAB1-4EB8-8275-8AE577FA1030}.Release|x64.Build.0 = Release|x64
		{250A85DC-AAB1-4EB8-8275-8AE577FA1030}.Release|x86.ActiveCfg = Release|Win32
		{250A85DC-AAB1-4EB8-8275-8AE577FA1030}.Release|x86.Build.0 = Release|Win32
		{EDCC8255-94D9-40AF-B735-ECCC86D67067}.Debug|x64.ActiveCfg = Debug|x64
		{EDCC8255-94D9-40AF-B735-ECCC86D67067}.Debug|x64.Build.0 = Debug|x64
		{EDCC8255-94D9-40AF-B735-ECCC86D67067}.Debug|x86.ActiveCfg = Debug|Win32
		{EDCC8255-94D9-40AF-B735-ECCC86D67067}.Debug|x86.Build.0 = Debug|Win32
		{EDCC8255-94D9-40AF-B735-ECCC86D67067}.Release|x64.ActiveCfg = Release|x64
		{EDCC8255-94D9-40AF-B735-ECCC86D67067}.Release|x64.Build.0 = Release|x64
		{EDCC8255-94D9-40AF-B735-ECCC86D67067}.Release|x86.ActiveCfg = Release|Win32
		{EDCC8255-94D9-40AF-B735-ECCC86D67067}.Release|x86.Build.0 = Release|Win32
		{020D4C1A-CDED-4F5B-9CC7-CCBDB935F266}.Debug|x64.ActiveCfg = Debug|x64
		{020D4C1A-CDED-4F5B-9CC7-CCBDB935F266}.Debug|x64.Build.0 = Debug|x64
		{020D4C1A-CDED-4F5B-9CC7-CCBDB935F266}.Debug|x86.ActiveCfg = Debug|Win32
		{020D4C1A-CDED-4F5B-9CC7-CCBDB935F266}.Debug|x86.Build.0 = Debug|Win32
		{020D4C1A-CDED-4F5B-9CC7-CCBDB935F266}.Release|x64.ActiveCfg = Release|x64
		{020D4C1A-CDED-4F5B-9CC7-CCBDB935F266}.Release|x64.Build.0 = Release|x64
		{020D4C1A-CDED-4F5B-9CC7-CCBDB935F266}.Release|x86.ActiveCfg = Release|Win32
		{020D4C1A-CDED-4F5B-9CC7-CCBDB935F266}.Release|x86.Build.0 = Release|Win32
		{70FE6522-CCC2-4A47-BAB1-F74B7E33DB61}.Debug|x64.ActiveCfg = Debug|x64
		{70FE6522-CCC2-4A47-BAB1-F74B7E33DB61}.Debug|x64.Build.0 = Debug|x64
		{70FE6522-CCC2-4A47-BAB1-F74B7E33DB61}.Debug|x86.ActiveCfg = Debug|Win32
		{70FE6522-CCC2-4A47-BAB1-F74B7E33DB61}.Debug|x86.Build.0 = Debug|Win32
		{70FE6522-CCC2-4A47-BAB1-F74B7E33DB61}.Release|x64.ActiveCfg = Release|x64
		{70FE6522-CCC2-4A47-BAB1-F74B7E33DB61}.Release|x64.Build.0 = Release|x64
		{70FE6522-CCC2-4A47-BAB1-F74B7E33DB61}.Release|x86.ActiveCfg = Release|Win32
		{70FE6522-CCC2-4A47-BAB1-F74B7E33DB61}.Release|x86.Build.0 = Release|Win32
	EndGlobalSection
	GlobalSection(SolutionProperties) = preSolution
		HideSolutionNode = FALSE
	EndGlobalSection
	GlobalSection(ExtensibilityGlobals) = postSolution
		SolutionGuid = {A0F28E94-574C-4BA3-97AF-FEEAAAB9A6B0}
	EndGlobalSection
EndGlobal
